
Microsoft Visual Studio Solution File, Format Version 12.00
# Visual Studio Version 17
VisualStudioVersion = 17.14.35806.103 d17.14
MinimumVisualStudioVersion = 10.0.40219.1
Project("{FAE04EC0-301F-11D3-BF4B-00C04F79EFBC}") = "FinancialCRM", "FinancialCRM\FinancialCRM.csproj", "{5AD5778B-4C12-4A64-A78A-496853202F0C}"
EndProject
Global
	GlobalSection(SolutionConfigurationPlatforms) = preSolution
		Debug|Any CPU = Debug|Any CPU
		Release|Any CPU = Release|Any CPU
	EndGlobalSection
	GlobalSection(ProjectConfigurationPlatforms) = postSolution
		{5AD5778B-4C12-4A64-A78A-496853202F0C}.Debug|Any CPU.ActiveCfg = Debug|Any CPU
		{5AD5778B-4C12-4A64-A78A-496853202F0C}.Debug|Any CPU.Build.0 = Debug|Any CPU
		{5AD5778B-4C12-4A64-A78A-496853202F0C}.Release|Any CPU.ActiveCfg = Release|Any CPU
		{5AD5778B-4C12-4A64-A78A-496853202F0C}.Release|Any CPU.Build.0 = Release|Any CPU
	EndGlobalSection
	GlobalSection(SolutionProperties) = preSolution
		HideSolutionNode = FALSE
	EndGlobalSection
	GlobalSection(ExtensibilityGlobals) = postSolution
		SolutionGuid = {ACB0169E-6C7A-4A04-901E-82EAED5C8845}
	EndGlobalSection
EndGlobal
